{
  "pins" : [
    {
      "identity" : "swiftkeychainwrapper",
      "kind" : "remoteSourceControl",
      "location" : "https://github.com/jrendel/SwiftKeychainWrapper",
      "state" : {
        "branch" : "develop",
        "revision" : "185a3165346a03767101c4f62e9a545a0fe0530f"
      }
    },
    {
      "identity" : "swiftyutils",
      "kind" : "remoteSourceControl",
      "location" : "https://github.com/tbaranes/SwiftyUtils.git",
      "state" : {
        "revision" : "2ea7ce9677df367cfc55968f9f13aa77a0c741ac",
        "version" : "5.5.2"
      }
    }
  ],
  "version" : 2
}
