{
  "pins" : [
    {
      "identity" : "lottie-ios",
      "kind" : "remoteSourceControl",
      "location" : "https://github.com/airbnb/lottie-ios.git",
      "state" : {
        "revision" : "4e51b71c6ef1b645c9a83de112d627c919143137",
        "version" : "4.1.3"
      }
    },
    {
      "identity" : "popupview",
      "kind" : "remoteSourceControl",
      "location" : "https://github.com/exyte/PopupView.git",
      "state" : {
        "branch" : "master",
        "revision" : "e50b60a3fc256c5c557822c1b8c1ddaf3ce412d4"
      }
    },
    {
      "identity" : "swiftkeychainwrapper",
      "kind" : "remoteSourceControl",
      "location" : "https://github.com/jrendel/SwiftKeychainWrapper",
      "state" : {
        "branch" : "develop",
        "revision" : "185a3165346a03767101c4f62e9a545a0fe0530f"
      }
    },
    {
      "identity" : "swiftyutils",
      "kind" : "remoteSourceControl",
      "location" : "https://github.com/tbaranes/SwiftyUtils.git",
      "state" : {
        "revision" : "2ea7ce9677df367cfc55968f9f13aa77a0c741ac",
        "version" : "5.5.2"
      }
    }
  ],
  "version" : 2
}
